
Microsoft Visual Studio Solution File, Format Version 12.00
# Visual Studio Version 17
VisualStudioVersion = 17.11.35327.3
MinimumVisualStudioVersion = 10.0.40219.1
Project("{FAE04EC0-301F-11D3-BF4B-00C04F79EFBC}") = "Lb1", "Lb1.csproj", "{30B1D8C3-112C-4BF9-8C3A-C4580BCC83FD}"
EndProject
Global
	GlobalSection(SolutionConfigurationPlatforms) = preSolution
		Debug|Any CPU = Debug|Any CPU
		Release|Any CPU = Release|Any CPU
	EndGlobalSection
	GlobalSection(ProjectConfigurationPlatforms) = postSolution
		{30B1D8C3-112C-4BF9-8C3A-C4580BCC83FD}.Debug|Any CPU.ActiveCfg = Debug|Any CPU
		{30B1D8C3-112C-4BF9-8C3A-C4580BCC83FD}.Debug|Any CPU.Build.0 = Debug|Any CPU
		{30B1D8C3-112C-4BF9-8C3A-C4580BCC83FD}.Release|Any CPU.ActiveCfg = Release|Any CPU
		{30B1D8C3-112C-4BF9-8C3A-C4580BCC83FD}.Release|Any CPU.Build.0 = Release|Any CPU
	EndGlobalSection
	GlobalSection(SolutionProperties) = preSolution
		HideSolutionNode = FALSE
	EndGlobalSection
	GlobalSection(ExtensibilityGlobals) = postSolution
		SolutionGuid = {407EAB26-F230-4A05-BD61-45CC49215373}
	EndGlobalSection
EndGlobal
